
Microsoft Visual Studio Solution File, Format Version 12.00
Project("{FAE04EC0-301F-11D3-BF4B-00C04F79EFBC}") = "UiScalingDemo", "UiScalingDemo\UiScalingDemo.csproj", "{EBC8B169-B915-4AC9-A4F0-270F4635FF90}"
EndProject
Global
	GlobalSection(SolutionConfigurationPlatforms) = preSolution
		Debug|Any CPU = Debug|Any CPU
		Release|Any CPU = Release|Any CPU
	EndGlobalSection
	GlobalSection(ProjectConfigurationPlatforms) = postSolution
		{EBC8B169-B915-4AC9-A4F0-270F4635FF90}.Debug|Any CPU.ActiveCfg = Debug|Any CPU
		{EBC8B169-B915-4AC9-A4F0-270F4635FF90}.Debug|Any CPU.Build.0 = Debug|Any CPU
		{EBC8B169-B915-4AC9-A4F0-270F4635FF90}.Release|Any CPU.ActiveCfg = Release|Any CPU
		{EBC8B169-B915-4AC9-A4F0-270F4635FF90}.Release|Any CPU.Build.0 = Release|Any CPU
	EndGlobalSection
EndGlobal
